// !$*UTF8*$!
{
	archiveVersion = 1;
	classes = {
	};
	objectVersion = 56;
	objects = {

/* Begin PBXBuildFile section */
		1209323329A53F0700EBE542 /* AppDelegate.swift in Sources */ = {isa = PBXBuildFile; fileRef = 1209323229A53F0700EBE542 /* AppDelegate.swift */; };
		1209323529A53F0700EBE542 /* SceneDelegate.swift in Sources */ = {isa = PBXBuildFile; fileRef = 1209323429A53F0700EBE542 /* SceneDelegate.swift */; };
		1209323729A53F0700EBE542 /* ViewController.swift in Sources */ = {isa = PBXBuildFile; fileRef = 1209323629A53F0700EBE542 /* ViewController.swift */; };
		1209323A29A53F0700EBE542 /* Main.storyboard in Resources */ = {isa = PBXBuildFile; fileRef = 1209323829A53F0700EBE542 /* Main.storyboard */; };
		1209323D29A53F0700EBE542 /* fetchChallenge.xcdatamodeld in Sources */ = {isa = PBXBuildFile; fileRef = 1209323B29A53F0700EBE542 /* fetchChallenge.xcdatamodeld */; };
		1209323F29A53F0F00EBE542 /* Assets.xcassets in Resources */ = {isa = PBXBuildFile; fileRef = 1209323E29A53F0F00EBE542 /* Assets.xcassets */; };
		1209324229A53F0F00EBE542 /* LaunchScreen.storyboard in Resources */ = {isa = PBXBuildFile; fileRef = 1209324029A53F0F00EBE542 /* LaunchScreen.storyboard */; };
		1209324D29A53F0F00EBE542 /* fetchChallengeTests.swift in Sources */ = {isa = PBXBuildFile; fileRef = 1209324C29A53F0F00EBE542 /* fetchChallengeTests.swift */; };
		1209325729A53F1000EBE542 /* fetchChallengeUITests.swift in Sources */ = {isa = PBXBuildFile; fileRef = 1209325629A53F1000EBE542 /* fetchChallengeUITests.swift */; };
		1209325929A53F1000EBE542 /* fetchChallengeUITestsLaunchTests.swift in Sources */ = {isa = PBXBuildFile; fileRef = 1209325829A53F1000EBE542 /* fetchChallengeUITestsLaunchTests.swift */; };
		1209326929A541F600EBE542 /* RecipeManager.swift in Sources */ = {isa = PBXBuildFile; fileRef = 1209326829A541F600EBE542 /* RecipeManager.swift */; };
		1209326B29A5512A00EBE542 /* RecipeData.swift in Sources */ = {isa = PBXBuildFile; fileRef = 1209326A29A5512A00EBE542 /* RecipeData.swift */; };
		1209326D29A5661A00EBE542 /* RecipeModel.swift in Sources */ = {isa = PBXBuildFile; fileRef = 1209326C29A5661900EBE542 /* RecipeModel.swift */; };
		122DADEB29AC6774000E1CE2 /* RecipeDescriptionModel.swift in Sources */ = {isa = PBXBuildFile; fileRef = 122DADEA29AC6774000E1CE2 /* RecipeDescriptionModel.swift */; };
		122DADEF29AD1C53000E1CE2 /* DescriptionViewController.swift in Sources */ = {isa = PBXBuildFile; fileRef = 122DADEE29AD1C53000E1CE2 /* DescriptionViewController.swift */; };
		27759EA272E2C32376C528CB /* Pods_fetchChallenge_fetchChallengeUITests.framework in Frameworks */ = {isa = PBXBuildFile; fileRef = 6BF36F5C69FE2E1F08496C21 /* Pods_fetchChallenge_fetchChallengeUITests.framework */; };
		C73C032669FF7CFC2D49E6A3 /* Pods_fetchChallengeTests.framework in Frameworks */ = {isa = PBXBuildFile; fileRef = 59668FBEBB6646BA4660B277 /* Pods_fetchChallengeTests.framework */; };
		EC00F5A11FBAE476F2DA0FD1 /* Pods_fetchChallenge.framework in Frameworks */ = {isa = PBXBuildFile; fileRef = D0EE474E5B5BC787C4DF4B0F /* Pods_fetchChallenge.framework */; };
/* End PBXBuildFile section */

/* Begin PBXContainerItemProxy section */
		1209324929A53F0F00EBE542 /* PBXContainerItemProxy */ = {
			isa = PBXContainerItemProxy;
			containerPortal = 1209322729A53F0700EBE542 /* Project object */;
			proxyType = 1;
			remoteGlobalIDString = 1209322E29A53F0700EBE542;
			remoteInfo = fetchChallenge;
		};
		1209325329A53F1000EBE542 /* PBXContainerItemProxy */ = {
			isa = PBXContainerItemProxy;
			containerPortal = 1209322729A53F0700EBE542 /* Project object */;
			proxyType = 1;
			remoteGlobalIDString = 1209322E29A53F0700EBE542;
			remoteInfo = fetchChallenge;
		};
/* End PBXContainerItemProxy section */

/* Begin PBXFileReference section */
		1209322F29A53F0700EBE542 /* fetchChallenge.app */ = {isa = PBXFileReference; explicitFileType = wrapper.application; includeInIndex = 0; path = fetchChallenge.app; sourceTree = BUILT_PRODUCTS_DIR; };
		1209323229A53F0700EBE542 /* AppDelegate.swift */ = {isa = PBXFileReference; lastKnownFileType = sourcecode.swift; path = AppDelegate.swift; sourceTree = "<group>"; };
		1209323429A53F0700EBE542 /* SceneDelegate.swift */ = {isa = PBXFileReference; lastKnownFileType = sourcecode.swift; path = SceneDelegate.swift; sourceTree = "<group>"; };
		1209323629A53F0700EBE542 /* ViewController.swift */ = {isa = PBXFileReference; lastKnownFileType = sourcecode.swift; path = ViewController.swift; sourceTree = "<group>"; };
		1209323929A53F0700EBE542 /* Base */ = {isa = PBXFileReference; lastKnownFileType = file.storyboard; name = Base; path = Base.lproj/Main.storyboard; sourceTree = "<group>"; };
		1209323C29A53F0700EBE542 /* fetchChallenge.xcdatamodel */ = {isa = PBXFileReference; lastKnownFileType = wrapper.xcdatamodel; path = fetchChallenge.xcdatamodel; sourceTree = "<group>"; };
		1209323E29A53F0F00EBE542 /* Assets.xcassets */ = {isa = PBXFileReference; lastKnownFileType = folder.assetcatalog; path = Assets.xcassets; sourceTree = "<group>"; };
		1209324129A53F0F00EBE542 /* Base */ = {isa = PBXFileReference; lastKnownFileType = file.storyboard; name = Base; path = Base.lproj/LaunchScreen.storyboard; sourceTree = "<group>"; };
		1209324329A53F0F00EBE542 /* Info.plist */ = {isa = PBXFileReference; lastKnownFileType = text.plist.xml; path = Info.plist; sourceTree = "<group>"; };
		1209324829A53F0F00EBE542 /* fetchChallengeTests.xctest */ = {isa = PBXFileReference; explicitFileType = wrapper.cfbundle; includeInIndex = 0; path = fetchChallengeTests.xctest; sourceTree = BUILT_PRODUCTS_DIR; };
		1209324C29A53F0F00EBE542 /* fetchChallengeTests.swift */ = {isa = PBXFileReference; lastKnownFileType = sourcecode.swift; path = fetchChallengeTests.swift; sourceTree = "<group>"; };
		1209325229A53F1000EBE542 /* fetchChallengeUITests.xctest */ = {isa = PBXFileReference; explicitFileType = wrapper.cfbundle; includeInIndex = 0; path = fetchChallengeUITests.xctest; sourceTree = BUILT_PRODUCTS_DIR; };
		1209325629A53F1000EBE542 /* fetchChallengeUITests.swift */ = {isa = PBXFileReference; lastKnownFileType = sourcecode.swift; path = fetchChallengeUITests.swift; sourceTree = "<group>"; };
		1209325829A53F1000EBE542 /* fetchChallengeUITestsLaunchTests.swift */ = {isa = PBXFileReference; lastKnownFileType = sourcecode.swift; path = fetchChallengeUITestsLaunchTests.swift; sourceTree = "<group>"; };
		1209326829A541F600EBE542 /* RecipeManager.swift */ = {isa = PBXFileReference; lastKnownFileType = sourcecode.swift; path = RecipeManager.swift; sourceTree = "<group>"; };
		1209326A29A5512A00EBE542 /* RecipeData.swift */ = {isa = PBXFileReference; lastKnownFileType = sourcecode.swift; path = RecipeData.swift; sourceTree = "<group>"; };
		1209326C29A5661900EBE542 /* RecipeModel.swift */ = {isa = PBXFileReference; lastKnownFileType = sourcecode.swift; path = RecipeModel.swift; sourceTree = "<group>"; };
		122DADEA29AC6774000E1CE2 /* RecipeDescriptionModel.swift */ = {isa = PBXFileReference; lastKnownFileType = sourcecode.swift; path = RecipeDescriptionModel.swift; sourceTree = "<group>"; };
		122DADEE29AD1C53000E1CE2 /* DescriptionViewController.swift */ = {isa = PBXFileReference; lastKnownFileType = sourcecode.swift; path = DescriptionViewController.swift; sourceTree = "<group>"; };
		59668FBEBB6646BA4660B277 /* Pods_fetchChallengeTests.framework */ = {isa = PBXFileReference; explicitFileType = wrapper.framework; includeInIndex = 0; path = Pods_fetchChallengeTests.framework; sourceTree = BUILT_PRODUCTS_DIR; };
		59D9B3E462639BCADB1363AD /* Pods-fetchChallenge-fetchChallengeUITests.debug.xcconfig */ = {isa = PBXFileReference; includeInIndex = 1; lastKnownFileType = text.xcconfig; name = "Pods-fetchChallenge-fetchChallengeUITests.debug.xcconfig"; path = "Target Support Files/Pods-fetchChallenge-fetchChallengeUITests/Pods-fetchChallenge-fetchChallengeUITests.debug.xcconfig"; sourceTree = "<group>"; };
		63B9F56273F4AC8DF620FCC5 /* Pods-fetchChallenge-fetchChallengeUITests.release.xcconfig */ = {isa = PBXFileReference; includeInIndex = 1; lastKnownFileType = text.xcconfig; name = "Pods-fetchChallenge-fetchChallengeUITests.release.xcconfig"; path = "Target Support Files/Pods-fetchChallenge-fetchChallengeUITests/Pods-fetchChallenge-fetchChallengeUITests.release.xcconfig"; sourceTree = "<group>"; };
		6BF36F5C69FE2E1F08496C21 /* Pods_fetchChallenge_fetchChallengeUITests.framework */ = {isa = PBXFileReference; explicitFileType = wrapper.framework; includeInIndex = 0; path = Pods_fetchChallenge_fetchChallengeUITests.framework; sourceTree = BUILT_PRODUCTS_DIR; };
		721149398AC311AD5788FD95 /* Pods-fetchChallenge.debug.xcconfig */ = {isa = PBXFileReference; includeInIndex = 1; lastKnownFileType = text.xcconfig; name = "Pods-fetchChallenge.debug.xcconfig"; path = "Target Support Files/Pods-fetchChallenge/Pods-fetchChallenge.debug.xcconfig"; sourceTree = "<group>"; };
		B0B267141A2FD5C43355C3A8 /* Pods-fetchChallengeTests.release.xcconfig */ = {isa = PBXFileReference; includeInIndex = 1; lastKnownFileType = text.xcconfig; name = "Pods-fetchChallengeTests.release.xcconfig"; path = "Target Support Files/Pods-fetchChallengeTests/Pods-fetchChallengeTests.release.xcconfig"; sourceTree = "<group>"; };
		D0EE474E5B5BC787C4DF4B0F /* Pods_fetchChallenge.framework */ = {isa = PBXFileReference; explicitFileType = wrapper.framework; includeInIndex = 0; path = Pods_fetchChallenge.framework; sourceTree = BUILT_PRODUCTS_DIR; };
		D249EFB1F59C7A7A589DCE9F /* Pods-fetchChallengeTests.debug.xcconfig */ = {isa = PBXFileReference; includeInIndex = 1; lastKnownFileType = text.xcconfig; name = "Pods-fetchChallengeTests.debug.xcconfig"; path = "Target Support Files/Pods-fetchChallengeTests/Pods-fetchChallengeTests.debug.xcconfig"; sourceTree = "<group>"; };
		F2EA05DFC1633599017D02F3 /* Pods-fetchChallenge.release.xcconfig */ = {isa = PBXFileReference; includeInIndex = 1; lastKnownFileType = text.xcconfig; name = "Pods-fetchChallenge.release.xcconfig"; path = "Target Support Files/Pods-fetchChallenge/Pods-fetchChallenge.release.xcconfig"; sourceTree = "<group>"; };
/* End PBXFileReference section */

/* Begin PBXFrameworksBuildPhase section */
		1209322C29A53F0700EBE542 /* Frameworks */ = {
			isa = PBXFrameworksBuildPhase;
			buildActionMask = 2147483647;
			files = (
				EC00F5A11FBAE476F2DA0FD1 /* Pods_fetchChallenge.framework in Frameworks */,
			);
			runOnlyForDeploymentPostprocessing = 0;
		};
		1209324529A53F0F00EBE542 /* Frameworks */ = {
			isa = PBXFrameworksBuildPhase;
			buildActionMask = 2147483647;
			files = (
				C73C032669FF7CFC2D49E6A3 /* Pods_fetchChallengeTests.framework in Frameworks */,
			);
			runOnlyForDeploymentPostprocessing = 0;
		};
		1209324F29A53F1000EBE542 /* Frameworks */ = {
			isa = PBXFrameworksBuildPhase;
			buildActionMask = 2147483647;
			files = (
				27759EA272E2C32376C528CB /* Pods_fetchChallenge_fetchChallengeUITests.framework in Frameworks */,
			);
			runOnlyForDeploymentPostprocessing = 0;
		};
/* End PBXFrameworksBuildPhase section */

/* Begin PBXGroup section */
		1209322629A53F0700EBE542 = {
			isa = PBXGroup;
			children = (
				1209323129A53F0700EBE542 /* fetchChallenge */,
				1209324B29A53F0F00EBE542 /* fetchChallengeTests */,
				1209325529A53F1000EBE542 /* fetchChallengeUITests */,
				1209323029A53F0700EBE542 /* Products */,
				99412AB870619185C2A4E778 /* Pods */,
				79A716BA3070D31D234B4A00 /* Frameworks */,
			);
			sourceTree = "<group>";
		};
		1209323029A53F0700EBE542 /* Products */ = {
			isa = PBXGroup;
			children = (
				1209322F29A53F0700EBE542 /* fetchChallenge.app */,
				1209324829A53F0F00EBE542 /* fetchChallengeTests.xctest */,
				1209325229A53F1000EBE542 /* fetchChallengeUITests.xctest */,
			);
			name = Products;
			sourceTree = "<group>";
		};
		1209323129A53F0700EBE542 /* fetchChallenge */ = {
			isa = PBXGroup;
			children = (
				1209323229A53F0700EBE542 /* AppDelegate.swift */,
				1209323429A53F0700EBE542 /* SceneDelegate.swift */,
				1209326629A53FC800EBE542 /* Controller */,
				1209326729A541AA00EBE542 /* Model */,
				1209326529A53FB500EBE542 /* View */,
				1209323E29A53F0F00EBE542 /* Assets.xcassets */,
				1209324029A53F0F00EBE542 /* LaunchScreen.storyboard */,
				1209324329A53F0F00EBE542 /* Info.plist */,
				1209323B29A53F0700EBE542 /* fetchChallenge.xcdatamodeld */,
			);
			path = fetchChallenge;
			sourceTree = "<group>";
		};
		1209324B29A53F0F00EBE542 /* fetchChallengeTests */ = {
			isa = PBXGroup;
			children = (
				1209324C29A53F0F00EBE542 /* fetchChallengeTests.swift */,
			);
			path = fetchChallengeTests;
			sourceTree = "<group>";
		};
		1209325529A53F1000EBE542 /* fetchChallengeUITests */ = {
			isa = PBXGroup;
			children = (
				1209325629A53F1000EBE542 /* fetchChallengeUITests.swift */,
				1209325829A53F1000EBE542 /* fetchChallengeUITestsLaunchTests.swift */,
			);
			path = fetchChallengeUITests;
			sourceTree = "<group>";
		};
		1209326529A53FB500EBE542 /* View */ = {
			isa = PBXGroup;
			children = (
				1209323829A53F0700EBE542 /* Main.storyboard */,
			);
			path = View;
			sourceTree = "<group>";
		};
		1209326629A53FC800EBE542 /* Controller */ = {
			isa = PBXGroup;
			children = (
				1209323629A53F0700EBE542 /* ViewController.swift */,
				122DADEE29AD1C53000E1CE2 /* DescriptionViewController.swift */,
			);
			path = Controller;
			sourceTree = "<group>";
		};
		1209326729A541AA00EBE542 /* Model */ = {
			isa = PBXGroup;
			children = (
				1209326829A541F600EBE542 /* RecipeManager.swift */,
				1209326C29A5661900EBE542 /* RecipeModel.swift */,
				122DADEA29AC6774000E1CE2 /* RecipeDescriptionModel.swift */,
				1209326A29A5512A00EBE542 /* RecipeData.swift */,
			);
			path = Model;
			sourceTree = "<group>";
		};
		79A716BA3070D31D234B4A00 /* Frameworks */ = {
			isa = PBXGroup;
			children = (
				D0EE474E5B5BC787C4DF4B0F /* Pods_fetchChallenge.framework */,
				6BF36F5C69FE2E1F08496C21 /* Pods_fetchChallenge_fetchChallengeUITests.framework */,
				59668FBEBB6646BA4660B277 /* Pods_fetchChallengeTests.framework */,
			);
			name = Frameworks;
			sourceTree = "<group>";
		};
		99412AB870619185C2A4E778 /* Pods */ = {
			isa = PBXGroup;
			children = (
				721149398AC311AD5788FD95 /* Pods-fetchChallenge.debug.xcconfig */,
				F2EA05DFC1633599017D02F3 /* Pods-fetchChallenge.release.xcconfig */,
				59D9B3E462639BCADB1363AD /* Pods-fetchChallenge-fetchChallengeUITests.debug.xcconfig */,
				63B9F56273F4AC8DF620FCC5 /* Pods-fetchChallenge-fetchChallengeUITests.release.xcconfig */,
				D249EFB1F59C7A7A589DCE9F /* Pods-fetchChallengeTests.debug.xcconfig */,
				B0B267141A2FD5C43355C3A8 /* Pods-fetchChallengeTests.release.xcconfig */,
			);
			path = Pods;
			sourceTree = "<group>";
		};
/* End PBXGroup section */

/* Begin PBXNativeTarget section */
		1209322E29A53F0700EBE542 /* fetchChallenge */ = {
			isa = PBXNativeTarget;
			buildConfigurationList = 1209325C29A53F1000EBE542 /* Build configuration list for PBXNativeTarget "fetchChallenge" */;
			buildPhases = (
				72DE7D094A7E0C4668342296 /* [CP] Check Pods Manifest.lock */,
				1209322B29A53F0700EBE542 /* Sources */,
				1209322C29A53F0700EBE542 /* Frameworks */,
				1209322D29A53F0700EBE542 /* Resources */,
				AC82BF9FDA7C19246CF7FE60 /* [CP] Embed Pods Frameworks */,
			);
			buildRules = (
			);
			dependencies = (
			);
			name = fetchChallenge;
			productName = fetchChallenge;
			productReference = 1209322F29A53F0700EBE542 /* fetchChallenge.app */;
			productType = "com.apple.product-type.application";
		};
		1209324729A53F0F00EBE542 /* fetchChallengeTests */ = {
			isa = PBXNativeTarget;
			buildConfigurationList = 1209325F29A53F1000EBE542 /* Build configuration list for PBXNativeTarget "fetchChallengeTests" */;
			buildPhases = (
				DF230097A68D2B64E05E0C2D /* [CP] Check Pods Manifest.lock */,
				1209324429A53F0F00EBE542 /* Sources */,
				1209324529A53F0F00EBE542 /* Frameworks */,
				1209324629A53F0F00EBE542 /* Resources */,
			);
			buildRules = (
			);
			dependencies = (
				1209324A29A53F0F00EBE542 /* PBXTargetDependency */,
			);
			name = fetchChallengeTests;
			productName = fetchChallengeTests;
			productReference = 1209324829A53F0F00EBE542 /* fetchChallengeTests.xctest */;
			productType = "com.apple.product-type.bundle.unit-test";
		};
		1209325129A53F1000EBE542 /* fetchChallengeUITests */ = {
			isa = PBXNativeTarget;
			buildConfigurationList = 1209326229A53F1000EBE542 /* Build configuration list for PBXNativeTarget "fetchChallengeUITests" */;
			buildPhases = (
				3F0128B9F1D0AF4515582F59 /* [CP] Check Pods Manifest.lock */,
				1209324E29A53F1000EBE542 /* Sources */,
				1209324F29A53F1000EBE542 /* Frameworks */,
				1209325029A53F1000EBE542 /* Resources */,
				30379AFBF95A8B3CF73EF35D /* [CP] Embed Pods Frameworks */,
			);
			buildRules = (
			);
			dependencies = (
				1209325429A53F1000EBE542 /* PBXTargetDependency */,
			);
			name = fetchChallengeUITests;
			productName = fetchChallengeUITests;
			productReference = 1209325229A53F1000EBE542 /* fetchChallengeUITests.xctest */;
			productType = "com.apple.product-type.bundle.ui-testing";
		};
/* End PBXNativeTarget section */

/* Begin PBXProject section */
		1209322729A53F0700EBE542 /* Project object */ = {
			isa = PBXProject;
			attributes = {
				BuildIndependentTargetsInParallel = 1;
				LastSwiftUpdateCheck = 1420;
				LastUpgradeCheck = 1420;
				TargetAttributes = {
					1209322E29A53F0700EBE542 = {
						CreatedOnToolsVersion = 14.2;
					};
					1209324729A53F0F00EBE542 = {
						CreatedOnToolsVersion = 14.2;
						TestTargetID = 1209322E29A53F0700EBE542;
					};
					1209325129A53F1000EBE542 = {
						CreatedOnToolsVersion = 14.2;
						TestTargetID = 1209322E29A53F0700EBE542;
					};
				};
			};
			buildConfigurationList = 1209322A29A53F0700EBE542 /* Build configuration list for PBXProject "fetchChallenge" */;
			compatibilityVersion = "Xcode 14.0";
			developmentRegion = en;
			hasScannedForEncodings = 0;
			knownRegions = (
				en,
				Base,
			);
			mainGroup = 1209322629A53F0700EBE542;
			productRefGroup = 1209323029A53F0700EBE542 /* Products */;
			projectDirPath = "";
			projectRoot = "";
			targets = (
				1209322E29A53F0700EBE542 /* fetchChallenge */,
				1209324729A53F0F00EBE542 /* fetchChallengeTests */,
				1209325129A53F1000EBE542 /* fetchChallengeUITests */,
			);
		};
/* End PBXProject section */

/* Begin PBXResourcesBuildPhase section */
		1209322D29A53F0700EBE542 /* Resources */ = {
			isa = PBXResourcesBuildPhase;
			buildActionMask = 2147483647;
			files = (
				1209324229A53F0F00EBE542 /* LaunchScreen.storyboard in Resources */,
				1209323F29A53F0F00EBE542 /* Assets.xcassets in Resources */,
				1209323A29A53F0700EBE542 /* Main.storyboard in Resources */,
			);
			runOnlyForDeploymentPostprocessing = 0;
		};
		1209324629A53F0F00EBE542 /* Resources */ = {
			isa = PBXResourcesBuildPhase;
			buildActionMask = 2147483647;
			files = (
			);
			runOnlyForDeploymentPostprocessing = 0;
		};
		1209325029A53F1000EBE542 /* Resources */ = {
			isa = PBXResourcesBuildPhase;
			buildActionMask = 2147483647;
			files = (
			);
			runOnlyForDeploymentPostprocessing = 0;
		};
/* End PBXResourcesBuildPhase section */

/* Begin PBXShellScriptBuildPhase section */
		30379AFBF95A8B3CF73EF35D /* [CP] Embed Pods Frameworks */ = {
			isa = PBXShellScriptBuildPhase;
			buildActionMask = 2147483647;
			files = (
			);
			inputFileListPaths = (
				"${PODS_ROOT}/Target Support Files/Pods-fetchChallenge-fetchChallengeUITests/Pods-fetchChallenge-fetchChallengeUITests-frameworks-${CONFIGURATION}-input-files.xcfilelist",
			);
			name = "[CP] Embed Pods Frameworks";
			outputFileListPaths = (
				"${PODS_ROOT}/Target Support Files/Pods-fetchChallenge-fetchChallengeUITests/Pods-fetchChallenge-fetchChallengeUITests-frameworks-${CONFIGURATION}-output-files.xcfilelist",
			);
			runOnlyForDeploymentPostprocessing = 0;
			shellPath = /bin/sh;
			shellScript = "\"${PODS_ROOT}/Target Support Files/Pods-fetchChallenge-fetchChallengeUITests/Pods-fetchChallenge-fetchChallengeUITests-frameworks.sh\"\n";
			showEnvVarsInLog = 0;
		};
		3F0128B9F1D0AF4515582F59 /* [CP] Check Pods Manifest.lock */ = {
			isa = PBXShellScriptBuildPhase;
			buildActionMask = 2147483647;
			files = (
			);
			inputFileListPaths = (
			);
			inputPaths = (
				"${PODS_PODFILE_DIR_PATH}/Podfile.lock",
				"${PODS_ROOT}/Manifest.lock",
			);
			name = "[CP] Check Pods Manifest.lock";
			outputFileListPaths = (
			);
			outputPaths = (
				"$(DERIVED_FILE_DIR)/Pods-fetchChallenge-fetchChallengeUITests-checkManifestLockResult.txt",
			);
			runOnlyForDeploymentPostprocessing = 0;
			shellPath = /bin/sh;
			shellScript = "diff \"${PODS_PODFILE_DIR_PATH}/Podfile.lock\" \"${PODS_ROOT}/Manifest.lock\" > /dev/null\nif [ $? != 0 ] ; then\n    # print error to STDERR\n    echo \"error: The sandbox is not in sync with the Podfile.lock. Run 'pod install' or update your CocoaPods installation.\" >&2\n    exit 1\nfi\n# This output is used by Xcode 'outputs' to avoid re-running this script phase.\necho \"SUCCESS\" > \"${SCRIPT_OUTPUT_FILE_0}\"\n";
			showEnvVarsInLog = 0;
		};
		72DE7D094A7E0C4668342296 /* [CP] Check Pods Manifest.lock */ = {
			isa = PBXShellScriptBuildPhase;
			buildActionMask = 2147483647;
			files = (
			);
			inputFileListPaths = (
			);
			inputPaths = (
				"${PODS_PODFILE_DIR_PATH}/Podfile.lock",
				"${PODS_ROOT}/Manifest.lock",
			);
			name = "[CP] Check Pods Manifest.lock";
			outputFileListPaths = (
			);
			outputPaths = (
				"$(DERIVED_FILE_DIR)/Pods-fetchChallenge-checkManifestLockResult.txt",
			);
			runOnlyForDeploymentPostprocessing = 0;
			shellPath = /bin/sh;
			shellScript = "diff \"${PODS_PODFILE_DIR_PATH}/Podfile.lock\" \"${PODS_ROOT}/Manifest.lock\" > /dev/null\nif [ $? != 0 ] ; then\n    # print error to STDERR\n    echo \"error: The sandbox is not in sync with the Podfile.lock. Run 'pod install' or update your CocoaPods installation.\" >&2\n    exit 1\nfi\n# This output is used by Xcode 'outputs' to avoid re-running this script phase.\necho \"SUCCESS\" > \"${SCRIPT_OUTPUT_FILE_0}\"\n";
			showEnvVarsInLog = 0;
		};
		AC82BF9FDA7C19246CF7FE60 /* [CP] Embed Pods Frameworks */ = {
			isa = PBXShellScriptBuildPhase;
			buildActionMask = 2147483647;
			files = (
			);
			inputFileListPaths = (
				"${PODS_ROOT}/Target Support Files/Pods-fetchChallenge/Pods-fetchChallenge-frameworks-${CONFIGURATION}-input-files.xcfilelist",
			);
			name = "[CP] Embed Pods Frameworks";
			outputFileListPaths = (
				"${PODS_ROOT}/Target Support Files/Pods-fetchChallenge/Pods-fetchChallenge-frameworks-${CONFIGURATION}-output-files.xcfilelist",
			);
			runOnlyForDeploymentPostprocessing = 0;
			shellPath = /bin/sh;
			shellScript = "\"${PODS_ROOT}/Target Support Files/Pods-fetchChallenge/Pods-fetchChallenge-frameworks.sh\"\n";
			showEnvVarsInLog = 0;
		};
		DF230097A68D2B64E05E0C2D /* [CP] Check Pods Manifest.lock */ = {
			isa = PBXShellScriptBuildPhase;
			buildActionMask = 2147483647;
			files = (
			);
			inputFileListPaths = (
			);
			inputPaths = (
				"${PODS_PODFILE_DIR_PATH}/Podfile.lock",
				"${PODS_ROOT}/Manifest.lock",
			);
			name = "[CP] Check Pods Manifest.lock";
			outputFileListPaths = (
			);
			outputPaths = (
				"$(DERIVED_FILE_DIR)/Pods-fetchChallengeTests-checkManifestLockResult.txt",
			);
			runOnlyForDeploymentPostprocessing = 0;
			shellPath = /bin/sh;
			shellScript = "diff \"${PODS_PODFILE_DIR_PATH}/Podfile.lock\" \"${PODS_ROOT}/Manifest.lock\" > /dev/null\nif [ $? != 0 ] ; then\n    # print error to STDERR\n    echo \"error: The sandbox is not in sync with the Podfile.lock. Run 'pod install' or update your CocoaPods installation.\" >&2\n    exit 1\nfi\n# This output is used by Xcode 'outputs' to avoid re-running this script phase.\necho \"SUCCESS\" > \"${SCRIPT_OUTPUT_FILE_0}\"\n";
			showEnvVarsInLog = 0;
		};
/* End PBXShellScriptBuildPhase section */

/* Begin PBXSourcesBuildPhase section */
		1209322B29A53F0700EBE542 /* Sources */ = {
			isa = PBXSourcesBuildPhase;
			buildActionMask = 2147483647;
			files = (
				1209326D29A5661A00EBE542 /* RecipeModel.swift in Sources */,
				1209323D29A53F0700EBE542 /* fetchChallenge.xcdatamodeld in Sources */,
				1209326929A541F600EBE542 /* RecipeManager.swift in Sources */,
				122DADEF29AD1C53000E1CE2 /* DescriptionViewController.swift in Sources */,
				1209323729A53F0700EBE542 /* ViewController.swift in Sources */,
				122DADEB29AC6774000E1CE2 /* RecipeDescriptionModel.swift in Sources */,
				1209326B29A5512A00EBE542 /* RecipeData.swift in Sources */,
				1209323329A53F0700EBE542 /* AppDelegate.swift in Sources */,
				1209323529A53F0700EBE542 /* SceneDelegate.swift in Sources */,
			);
			runOnlyForDeploymentPostprocessing = 0;
		};
		1209324429A53F0F00EBE542 /* Sources */ = {
			isa = PBXSourcesBuildPhase;
			buildActionMask = 2147483647;
			files = (
				1209324D29A53F0F00EBE542 /* fetchChallengeTests.swift in Sources */,
			);
			runOnlyForDeploymentPostprocessing = 0;
		};
		1209324E29A53F1000EBE542 /* Sources */ = {
			isa = PBXSourcesBuildPhase;
			buildActionMask = 2147483647;
			files = (
				1209325729A53F1000EBE542 /* fetchChallengeUITests.swift in Sources */,
				1209325929A53F1000EBE542 /* fetchChallengeUITestsLaunchTests.swift in Sources */,
			);
			runOnlyForDeploymentPostprocessing = 0;
		};
/* End PBXSourcesBuildPhase section */

/* Begin PBXTargetDependency section */
		1209324A29A53F0F00EBE542 /* PBXTargetDependency */ = {
			isa = PBXTargetDependency;
			target = 1209322E29A53F0700EBE542 /* fetchChallenge */;
			targetProxy = 1209324929A53F0F00EBE542 /* PBXContainerItemProxy */;
		};
		1209325429A53F1000EBE542 /* PBXTargetDependency */ = {
			isa = PBXTargetDependency;
			target = 1209322E29A53F0700EBE542 /* fetchChallenge */;
			targetProxy = 1209325329A53F1000EBE542 /* PBXContainerItemProxy */;
		};
/* End PBXTargetDependency section */

/* Begin PBXVariantGroup section */
		1209323829A53F0700EBE542 /* Main.storyboard */ = {
			isa = PBXVariantGroup;
			children = (
				1209323929A53F0700EBE542 /* Base */,
			);
			name = Main.storyboard;
			sourceTree = "<group>";
		};
		1209324029A53F0F00EBE542 /* LaunchScreen.storyboard */ = {
			isa = PBXVariantGroup;
			children = (
				1209324129A53F0F00EBE542 /* Base */,
			);
			name = LaunchScreen.storyboard;
			sourceTree = "<group>";
		};
/* End PBXVariantGroup section */

/* Begin XCBuildConfiguration section */
		1209325A29A53F1000EBE542 /* Debug */ = {
			isa = XCBuildConfiguration;
			buildSettings = {
				ALWAYS_SEARCH_USER_PATHS = NO;
				CLANG_ANALYZER_NONNULL = YES;
				CLANG_ANALYZER_NUMBER_OBJECT_CONVERSION = YES_AGGRESSIVE;
				CLANG_CXX_LANGUAGE_STANDARD = "gnu++20";
				CLANG_ENABLE_MODULES = YES;
				CLANG_ENABLE_OBJC_ARC = YES;
				CLANG_ENABLE_OBJC_WEAK = YES;
				CLANG_WARN_BLOCK_CAPTURE_AUTORELEASING = YES;
				CLANG_WARN_BOOL_CONVERSION = YES;
				CLANG_WARN_COMMA = YES;
				CLANG_WARN_CONSTANT_CONVERSION = YES;
				CLANG_WARN_DEPRECATED_OBJC_IMPLEMENTATIONS = YES;
				CLANG_WARN_DIRECT_OBJC_ISA_USAGE = YES_ERROR;
				CLANG_WARN_DOCUMENTATION_COMMENTS = YES;
				CLANG_WARN_EMPTY_BODY = YES;
				CLANG_WARN_ENUM_CONVERSION = YES;
				CLANG_WARN_INFINITE_RECURSION = YES;
				CLANG_WARN_INT_CONVERSION = YES;
				CLANG_WARN_NON_LITERAL_NULL_CONVERSION = YES;
				CLANG_WARN_OBJC_IMPLICIT_RETAIN_SELF = YES;
				CLANG_WARN_OBJC_LITERAL_CONVERSION = YES;
				CLANG_WARN_OBJC_ROOT_CLASS = YES_ERROR;
				CLANG_WARN_QUOTED_INCLUDE_IN_FRAMEWORK_HEADER = YES;
				CLANG_WARN_RANGE_LOOP_ANALYSIS = YES;
				CLANG_WARN_STRICT_PROTOTYPES = YES;
				CLANG_WARN_SUSPICIOUS_MOVE = YES;
				CLANG_WARN_UNGUARDED_AVAILABILITY = YES_AGGRESSIVE;
				CLANG_WARN_UNREACHABLE_CODE = YES;
				CLANG_WARN__DUPLICATE_METHOD_MATCH = YES;
				COPY_PHASE_STRIP = NO;
				DEBUG_INFORMATION_FORMAT = dwarf;
				ENABLE_STRICT_OBJC_MSGSEND = YES;
				ENABLE_TESTABILITY = YES;
				GCC_C_LANGUAGE_STANDARD = gnu11;
				GCC_DYNAMIC_NO_PIC = NO;
				GCC_NO_COMMON_BLOCKS = YES;
				GCC_OPTIMIZATION_LEVEL = 0;
				GCC_PREPROCESSOR_DEFINITIONS = (
					"DEBUG=1",
					"$(inherited)",
				);
				GCC_WARN_64_TO_32_BIT_CONVERSION = YES;
				GCC_WARN_ABOUT_RETURN_TYPE = YES_ERROR;
				GCC_WARN_UNDECLARED_SELECTOR = YES;
				GCC_WARN_UNINITIALIZED_AUTOS = YES_AGGRESSIVE;
				GCC_WARN_UNUSED_FUNCTION = YES;
				GCC_WARN_UNUSED_VARIABLE = YES;
				IPHONEOS_DEPLOYMENT_TARGET = 16.2;
				MTL_ENABLE_DEBUG_INFO = INCLUDE_SOURCE;
				MTL_FAST_MATH = YES;
				ONLY_ACTIVE_ARCH = YES;
				SDKROOT = iphoneos;
				SWIFT_ACTIVE_COMPILATION_CONDITIONS = DEBUG;
				SWIFT_OPTIMIZATION_LEVEL = "-Onone";
			};
			name = Debug;
		};
		1209325B29A53F1000EBE542 /* Release */ = {
			isa = XCBuildConfiguration;
			buildSettings = {
				ALWAYS_SEARCH_USER_PATHS = NO;
				CLANG_ANALYZER_NONNULL = YES;
				CLANG_ANALYZER_NUMBER_OBJECT_CONVERSION = YES_AGGRESSIVE;
				CLANG_CXX_LANGUAGE_STANDARD = "gnu++20";
				CLANG_ENABLE_MODULES = YES;
				CLANG_ENABLE_OBJC_ARC = YES;
				CLANG_ENABLE_OBJC_WEAK = YES;
				CLANG_WARN_BLOCK_CAPTURE_AUTORELEASING = YES;
				CLANG_WARN_BOOL_CONVERSION = YES;
				CLANG_WARN_COMMA = YES;
				CLANG_WARN_CONSTANT_CONVERSION = YES;
				CLANG_WARN_DEPRECATED_OBJC_IMPLEMENTATIONS = YES;
				CLANG_WARN_DIRECT_OBJC_ISA_USAGE = YES_ERROR;
				CLANG_WARN_DOCUMENTATION_COMMENTS = YES;
				CLANG_WARN_EMPTY_BODY = YES;
				CLANG_WARN_ENUM_CONVERSION = YES;
				CLANG_WARN_INFINITE_RECURSION = YES;
				CLANG_WARN_INT_CONVERSION = YES;
				CLANG_WARN_NON_LITERAL_NULL_CONVERSION = YES;
				CLANG_WARN_OBJC_IMPLICIT_RETAIN_SELF = YES;
				CLANG_WARN_OBJC_LITERAL_CONVERSION = YES;
				CLANG_WARN_OBJC_ROOT_CLASS = YES_ERROR;
				CLANG_WARN_QUOTED_INCLUDE_IN_FRAMEWORK_HEADER = YES;
				CLANG_WARN_RANGE_LOOP_ANALYSIS = YES;
				CLANG_WARN_STRICT_PROTOTYPES = YES;
				CLANG_WARN_SUSPICIOUS_MOVE = YES;
				CLANG_WARN_UNGUARDED_AVAILABILITY = YES_AGGRESSIVE;
				CLANG_WARN_UNREACHABLE_CODE = YES;
				CLANG_WARN__DUPLICATE_METHOD_MATCH = YES;
				COPY_PHASE_STRIP = NO;
				DEBUG_INFORMATION_FORMAT = "dwarf-with-dsym";
				ENABLE_NS_ASSERTIONS = NO;
				ENABLE_STRICT_OBJC_MSGSEND = YES;
				GCC_C_LANGUAGE_STANDARD = gnu11;
				GCC_NO_COMMON_BLOCKS = YES;
				GCC_WARN_64_TO_32_BIT_CONVERSION = YES;
				GCC_WARN_ABOUT_RETURN_TYPE = YES_ERROR;
				GCC_WARN_UNDECLARED_SELECTOR = YES;
				GCC_WARN_UNINITIALIZED_AUTOS = YES_AGGRESSIVE;
				GCC_WARN_UNUSED_FUNCTION = YES;
				GCC_WARN_UNUSED_VARIABLE = YES;
				IPHONEOS_DEPLOYMENT_TARGET = 16.2;
				MTL_ENABLE_DEBUG_INFO = NO;
				MTL_FAST_MATH = YES;
				SDKROOT = iphoneos;
				SWIFT_COMPILATION_MODE = wholemodule;
				SWIFT_OPTIMIZATION_LEVEL = "-O";
				VALIDATE_PRODUCT = YES;
			};
			name = Release;
		};
		1209325D29A53F1000EBE542 /* Debug */ = {
			isa = XCBuildConfiguration;
			baseConfigurationReference = 721149398AC311AD5788FD95 /* Pods-fetchChallenge.debug.xcconfig */;
			buildSettings = {
				ASSETCATALOG_COMPILER_APPICON_NAME = AppIcon;
				ASSETCATALOG_COMPILER_GLOBAL_ACCENT_COLOR_NAME = AccentColor;
				CODE_SIGN_STYLE = Automatic;
				CURRENT_PROJECT_VERSION = 1;
				DEVELOPMENT_TEAM = 578L5NKR85;
				GENERATE_INFOPLIST_FILE = YES;
				INFOPLIST_FILE = fetchChallenge/Info.plist;
				INFOPLIST_KEY_UIApplicationSupportsIndirectInputEvents = YES;
				INFOPLIST_KEY_UILaunchStoryboardName = LaunchScreen;
				INFOPLIST_KEY_UIMainStoryboardFile = Main;
				INFOPLIST_KEY_UISupportedInterfaceOrientations_iPad = "UIInterfaceOrientationPortrait UIInterfaceOrientationPortraitUpsideDown UIInterfaceOrientationLandscapeLeft UIInterfaceOrientationLandscapeRight";
				INFOPLIST_KEY_UISupportedInterfaceOrientations_iPhone = "UIInterfaceOrientationPortrait UIInterfaceOrientationLandscapeLeft UIInterfaceOrientationLandscapeRight";
				LD_RUNPATH_SEARCH_PATHS = (
					"$(inherited)",
					"@executable_path/Frameworks",
				);
				MARKETING_VERSION = 1.0;
				PRODUCT_BUNDLE_IDENTIFIER = com.caldudley.fetchChallenge;
				PRODUCT_NAME = "$(TARGET_NAME)";
				SWIFT_EMIT_LOC_STRINGS = YES;
				SWIFT_VERSION = 5.0;
				TARGETED_DEVICE_FAMILY = "1,2";
			};
			name = Debug;
		};
		1209325E29A53F1000EBE542 /* Release */ = {
			isa = XCBuildConfiguration;
			baseConfigurationReference = F2EA05DFC1633599017D02F3 /* Pods-fetchChallenge.release.xcconfig */;
			buildSettings = {
				ASSETCATALOG_COMPILER_APPICON_NAME = AppIcon;
				ASSETCATALOG_COMPILER_GLOBAL_ACCENT_COLOR_NAME = AccentColor;
				CODE_SIGN_STYLE = Automatic;
				CURRENT_PROJECT_VERSION = 1;
				DEVELOPMENT_TEAM = 578L5NKR85;
				GENERATE_INFOPLIST_FILE = YES;
				INFOPLIST_FILE = fetchChallenge/Info.plist;
				INFOPLIST_KEY_UIApplicationSupportsIndirectInputEvents = YES;
				INFOPLIST_KEY_UILaunchStoryboardName = LaunchScreen;
				INFOPLIST_KEY_UIMainStoryboardFile = Main;
				INFOPLIST_KEY_UISupportedInterfaceOrientations_iPad = "UIInterfaceOrientationPortrait UIInterfaceOrientationPortraitUpsideDown UIInterfaceOrientationLandscapeLeft UIInterfaceOrientationLandscapeRight";
				INFOPLIST_KEY_UISupportedInterfaceOrientations_iPhone = "UIInterfaceOrientationPortrait UIInterfaceOrientationLandscapeLeft UIInterfaceOrientationLandscapeRight";
				LD_RUNPATH_SEARCH_PATHS = (
					"$(inherited)",
					"@executable_path/Frameworks",
				);
				MARKETING_VERSION = 1.0;
				PRODUCT_BUNDLE_IDENTIFIER = com.caldudley.fetchChallenge;
				PRODUCT_NAME = "$(TARGET_NAME)";
				SWIFT_EMIT_LOC_STRINGS = YES;
				SWIFT_VERSION = 5.0;
				TARGETED_DEVICE_FAMILY = "1,2";
			};
			name = Release;
		};
		1209326029A53F1000EBE542 /* Debug */ = {
			isa = XCBuildConfiguration;
			baseConfigurationReference = D249EFB1F59C7A7A589DCE9F /* Pods-fetchChallengeTests.debug.xcconfig */;
			buildSettings = {
				ALWAYS_EMBED_SWIFT_STANDARD_LIBRARIES = YES;
				BUNDLE_LOADER = "$(TEST_HOST)";
				CODE_SIGN_STYLE = Automatic;
				CURRENT_PROJECT_VERSION = 1;
				DEVELOPMENT_TEAM = 578L5NKR85;
				GENERATE_INFOPLIST_FILE = YES;
				IPHONEOS_DEPLOYMENT_TARGET = 16.2;
				MARKETING_VERSION = 1.0;
				PRODUCT_BUNDLE_IDENTIFIER = com.caldudley.fetchChallengeTests;
				PRODUCT_NAME = "$(TARGET_NAME)";
				SWIFT_EMIT_LOC_STRINGS = NO;
				SWIFT_VERSION = 5.0;
				TARGETED_DEVICE_FAMILY = "1,2";
				TEST_HOST = "$(BUILT_PRODUCTS_DIR)/fetchChallenge.app/$(BUNDLE_EXECUTABLE_FOLDER_PATH)/fetchChallenge";
			};
			name = Debug;
		};
		1209326129A53F1000EBE542 /* Release */ = {
			isa = XCBuildConfiguration;
			baseConfigurationReference = B0B267141A2FD5C43355C3A8 /* Pods-fetchChallengeTests.release.xcconfig */;
			buildSettings = {
				ALWAYS_EMBED_SWIFT_STANDARD_LIBRARIES = YES;
				BUNDLE_LOADER = "$(TEST_HOST)";
				CODE_SIGN_STYLE = Automatic;
				CURRENT_PROJECT_VERSION = 1;
				DEVELOPMENT_TEAM = 578L5NKR85;
				GENERATE_INFOPLIST_FILE = YES;
				IPHONEOS_DEPLOYMENT_TARGET = 16.2;
				MARKETING_VERSION = 1.0;
				PRODUCT_BUNDLE_IDENTIFIER = com.caldudley.fetchChallengeTests;
				PRODUCT_NAME = "$(TARGET_NAME)";
				SWIFT_EMIT_LOC_STRINGS = NO;
				SWIFT_VERSION = 5.0;
				TARGETED_DEVICE_FAMILY = "1,2";
				TEST_HOST = "$(BUILT_PRODUCTS_DIR)/fetchChallenge.app/$(BUNDLE_EXECUTABLE_FOLDER_PATH)/fetchChallenge";
			};
			name = Release;
		};
		1209326329A53F1000EBE542 /* Debug */ = {
			isa = XCBuildConfiguration;
			baseConfigurationReference = 59D9B3E462639BCADB1363AD /* Pods-fetchChallenge-fetchChallengeUITests.debug.xcconfig */;
			buildSettings = {
				ALWAYS_EMBED_SWIFT_STANDARD_LIBRARIES = YES;
				CODE_SIGN_STYLE = Automatic;
				CURRENT_PROJECT_VERSION = 1;
				DEVELOPMENT_TEAM = 578L5NKR85;
				GENERATE_INFOPLIST_FILE = YES;
				MARKETING_VERSION = 1.0;
				PRODUCT_BUNDLE_IDENTIFIER = com.caldudley.fetchChallengeUITests;
				PRODUCT_NAME = "$(TARGET_NAME)";
				SWIFT_EMIT_LOC_STRINGS = NO;
				SWIFT_VERSION = 5.0;
				TARGETED_DEVICE_FAMILY = "1,2";
				TEST_TARGET_NAME = fetchChallenge;
			};
			name = Debug;
		};
		1209326429A53F1000EBE542 /* Release */ = {
			isa = XCBuildConfiguration;
			baseConfigurationReference = 63B9F56273F4AC8DF620FCC5 /* Pods-fetchChallenge-fetchChallengeUITests.release.xcconfig */;
			buildSettings = {
				ALWAYS_EMBED_SWIFT_STANDARD_LIBRARIES = YES;
				CODE_SIGN_STYLE = Automatic;
				CURRENT_PROJECT_VERSION = 1;
				DEVELOPMENT_TEAM = 578L5NKR85;
				GENERATE_INFOPLIST_FILE = YES;
				MARKETING_VERSION = 1.0;
				PRODUCT_BUNDLE_IDENTIFIER = com.caldudley.fetchChallengeUITests;
				PRODUCT_NAME = "$(TARGET_NAME)";
				SWIFT_EMIT_LOC_STRINGS = NO;
				SWIFT_VERSION = 5.0;
				TARGETED_DEVICE_FAMILY = "1,2";
				TEST_TARGET_NAME = fetchChallenge;
			};
			name = Release;
		};
/* End XCBuildConfiguration section */

/* Begin XCConfigurationList section */
		1209322A29A53F0700EBE542 /* Build configuration list for PBXProject "fetchChallenge" */ = {
			isa = XCConfigurationList;
			buildConfigurations = (
				1209325A29A53F1000EBE542 /* Debug */,
				1209325B29A53F1000EBE542 /* Release */,
			);
			defaultConfigurationIsVisible = 0;
			defaultConfigurationName = Release;
		};
		1209325C29A53F1000EBE542 /* Build configuration list for PBXNativeTarget "fetchChallenge" */ = {
			isa = XCConfigurationList;
			buildConfigurations = (
				1209325D29A53F1000EBE542 /* Debug */,
				1209325E29A53F1000EBE542 /* Release */,
			);
			defaultConfigurationIsVisible = 0;
			defaultConfigurationName = Release;
		};
		1209325F29A53F1000EBE542 /* Build configuration list for PBXNativeTarget "fetchChallengeTests" */ = {
			isa = XCConfigurationList;
			buildConfigurations = (
				1209326029A53F1000EBE542 /* Debug */,
				1209326129A53F1000EBE542 /* Release */,
			);
			defaultConfigurationIsVisible = 0;
			defaultConfigurationName = Release;
		};
		1209326229A53F1000EBE542 /* Build configuration list for PBXNativeTarget "fetchChallengeUITests" */ = {
			isa = XCConfigurationList;
			buildConfigurations = (
				1209326329A53F1000EBE542 /* Debug */,
				1209326429A53F1000EBE542 /* Release */,
			);
			defaultConfigurationIsVisible = 0;
			defaultConfigurationName = Release;
		};
/* End XCConfigurationList section */

/* Begin XCVersionGroup section */
		1209323B29A53F0700EBE542 /* fetchChallenge.xcdatamodeld */ = {
			isa = XCVersionGroup;
			children = (
				1209323C29A53F0700EBE542 /* fetchChallenge.xcdatamodel */,
			);
			currentVersion = 1209323C29A53F0700EBE542 /* fetchChallenge.xcdatamodel */;
			path = fetchChallenge.xcdatamodeld;
			sourceTree = "<group>";
			versionGroupType = wrapper.xcdatamodel;
		};
/* End XCVersionGroup section */
	};
	rootObject = 1209322729A53F0700EBE542 /* Project object */;
}
